
Microsoft Visual Studio Solution File, Format Version 12.00
# Visual Studio Version 16
VisualStudioVersion = 16.0.30523.141
MinimumVisualStudioVersion = 10.0.40219.1
Project("{FAE04EC0-301F-11D3-BF4B-00C04F79EFBC}") = "WebApplication", "WebApplication\WebApplication.csproj", "{80DAF13A-F711-4EFE-B369-8870E5210FDA}"
EndProject
Global
	GlobalSection(SolutionConfigurationPlatforms) = preSolution
		Debug|Any CPU = Debug|Any CPU
		Release|Any CPU = Release|Any CPU
	EndGlobalSection
	GlobalSection(ProjectConfigurationPlatforms) = postSolution
		{80DAF13A-F711-4EFE-B369-8870E5210FDA}.Debug|Any CPU.ActiveCfg = Debug|Any CPU
		{80DAF13A-F711-4EFE-B369-8870E5210FDA}.Debug|Any CPU.Build.0 = Debug|Any CPU
		{80DAF13A-F711-4EFE-B369-8870E5210FDA}.Release|Any CPU.ActiveCfg = Release|Any CPU
		{80DAF13A-F711-4EFE-B369-8870E5210FDA}.Release|Any CPU.Build.0 = Release|Any CPU
	EndGlobalSection
	GlobalSection(SolutionProperties) = preSolution
		HideSolutionNode = FALSE
	EndGlobalSection
	GlobalSection(ExtensibilityGlobals) = postSolution
		SolutionGuid = {EAE0F1CF-5F9C-494C-B8A9-5FA4EA5AD180}
	EndGlobalSection
EndGlobal
